
Microsoft Visual Studio Solution File, Format Version 12.00
# Visual Studio Version 16
VisualStudioVersion = 16.0.31025.194
MinimumVisualStudioVersion = 10.0.40219.1
Project("{FAE04EC0-301F-11D3-BF4B-00C04F79EFBC}") = "Day_01", "Day_01\Day_01.csproj", "{DA5360CA-0A04-4ADE-82DF-66EA443DB507}"
EndProject
Project("{FAE04EC0-301F-11D3-BF4B-00C04F79EFBC}") = "Day_02", "Day_02\Day_02.csproj", "{70E8458A-B251-4B7A-A759-797BD41C0C33}"
EndProject
Project("{FAE04EC0-301F-11D3-BF4B-00C04F79EFBC}") = "Day_03", "Day_03\Day_03.csproj", "{8782C387-6B8C-4F0C-B73E-DF5B5005AF55}"
EndProject
Project("{FAE04EC0-301F-11D3-BF4B-00C04F79EFBC}") = "Day_04", "Day_04\Day_04.csproj", "{EB232568-B2E6-4B98-9559-3F9A043FF6AD}"
EndProject
Project("{FAE04EC0-301F-11D3-BF4B-00C04F79EFBC}") = "Day_05", "Day_05\Day_05.csproj", "{7AE87AB4-F439-4698-9E4D-2837A5600945}"
EndProject
Project("{FAE04EC0-301F-11D3-BF4B-00C04F79EFBC}") = "Day_06", "Day_06\Day_06.csproj", "{F3C046E2-8B13-444C-BEB7-AEB2CF23FFA6}"
EndProject
Project("{FAE04EC0-301F-11D3-BF4B-00C04F79EFBC}") = "Day_07", "Day_07\Day_07.csproj", "{74C04FB9-6988-4CD6-9CF9-938D0A100DCD}"
EndProject
Project("{FAE04EC0-301F-11D3-BF4B-00C04F79EFBC}") = "Day_08", "Day_08\Day_08.csproj", "{760D5CB5-11FC-40A1-8F70-A89E784B511D}"
EndProject
Project("{FAE04EC0-301F-11D3-BF4B-00C04F79EFBC}") = "Day_09", "Day_09\Day_09.csproj", "{B4A4652B-3DFE-43AD-82BA-0F06A8475D61}"
EndProject
Project("{FAE04EC0-301F-11D3-BF4B-00C04F79EFBC}") = "Day_10", "Day_10\Day_10.csproj", "{9ED4E544-25E6-4653-A299-0EF026C2BDFF}"
EndProject
Project("{FAE04EC0-301F-11D3-BF4B-00C04F79EFBC}") = "Day_11", "Day_11\Day_11.csproj", "{476A399E-673F-4671-AEF4-2BE774B85FD3}"
EndProject
Project("{FAE04EC0-301F-11D3-BF4B-00C04F79EFBC}") = "Day_12", "Day_12\Day_12.csproj", "{5E249A4D-0E3A-4DDE-A2E6-E03DAC91F07D}"
EndProject
Project("{FAE04EC0-301F-11D3-BF4B-00C04F79EFBC}") = "Day_13", "Day_13\Day_13.csproj", "{AD8BCCE8-F7F4-4ABF-8E00-E1677F366FE5}"
EndProject
Project("{FAE04EC0-301F-11D3-BF4B-00C04F79EFBC}") = "Day_14", "Day_14\Day_14.csproj", "{99278F17-8392-48A3-86B0-5C1D37991EDD}"
EndProject
Global
	GlobalSection(SolutionConfigurationPlatforms) = preSolution
		Debug|Any CPU = Debug|Any CPU
		Release|Any CPU = Release|Any CPU
	EndGlobalSection
	GlobalSection(ProjectConfigurationPlatforms) = postSolution
		{DA5360CA-0A04-4ADE-82DF-66EA443DB507}.Debug|Any CPU.ActiveCfg = Debug|Any CPU
		{DA5360CA-0A04-4ADE-82DF-66EA443DB507}.Debug|Any CPU.Build.0 = Debug|Any CPU
		{DA5360CA-0A04-4ADE-82DF-66EA443DB507}.Release|Any CPU.ActiveCfg = Release|Any CPU
		{DA5360CA-0A04-4ADE-82DF-66EA443DB507}.Release|Any CPU.Build.0 = Release|Any CPU
		{70E8458A-B251-4B7A-A759-797BD41C0C33}.Debug|Any CPU.ActiveCfg = Debug|Any CPU
		{70E8458A-B251-4B7A-A759-797BD41C0C33}.Debug|Any CPU.Build.0 = Debug|Any CPU
		{70E8458A-B251-4B7A-A759-797BD41C0C33}.Release|Any CPU.ActiveCfg = Release|Any CPU
		{70E8458A-B251-4B7A-A759-797BD41C0C33}.Release|Any CPU.Build.0 = Release|Any CPU
		{8782C387-6B8C-4F0C-B73E-DF5B5005AF55}.Debug|Any CPU.ActiveCfg = Debug|Any CPU
		{8782C387-6B8C-4F0C-B73E-DF5B5005AF55}.Debug|Any CPU.Build.0 = Debug|Any CPU
		{8782C387-6B8C-4F0C-B73E-DF5B5005AF55}.Release|Any CPU.ActiveCfg = Release|Any CPU
		{8782C387-6B8C-4F0C-B73E-DF5B5005AF55}.Release|Any CPU.Build.0 = Release|Any CPU
		{EB232568-B2E6-4B98-9559-3F9A043FF6AD}.Debug|Any CPU.ActiveCfg = Debug|Any CPU
		{EB232568-B2E6-4B98-9559-3F9A043FF6AD}.Debug|Any CPU.Build.0 = Debug|Any CPU
		{EB232568-B2E6-4B98-9559-3F9A043FF6AD}.Release|Any CPU.ActiveCfg = Release|Any CPU
		{EB232568-B2E6-4B98-9559-3F9A043FF6AD}.Release|Any CPU.Build.0 = Release|Any CPU
		{7AE87AB4-F439-4698-9E4D-2837A5600945}.Debug|Any CPU.ActiveCfg = Debug|Any CPU
		{7AE87AB4-F439-4698-9E4D-2837A5600945}.Debug|Any CPU.Build.0 = Debug|Any CPU
		{7AE87AB4-F439-4698-9E4D-2837A5600945}.Release|Any CPU.ActiveCfg = Release|Any CPU
		{7AE87AB4-F439-4698-9E4D-2837A5600945}.Release|Any CPU.Build.0 = Release|Any CPU
		{F3C046E2-8B13-444C-BEB7-AEB2CF23FFA6}.Debug|Any CPU.ActiveCfg = Debug|Any CPU
		{F3C046E2-8B13-444C-BEB7-AEB2CF23FFA6}.Debug|Any CPU.Build.0 = Debug|Any CPU
		{F3C046E2-8B13-444C-BEB7-AEB2CF23FFA6}.Release|Any CPU.ActiveCfg = Release|Any CPU
		{F3C046E2-8B13-444C-BEB7-AEB2CF23FFA6}.Release|Any CPU.Build.0 = Release|Any CPU
		{74C04FB9-6988-4CD6-9CF9-938D0A100DCD}.Debug|Any CPU.ActiveCfg = Debug|Any CPU
		{74C04FB9-6988-4CD6-9CF9-938D0A100DCD}.Debug|Any CPU.Build.0 = Debug|Any CPU
		{74C04FB9-6988-4CD6-9CF9-938D0A100DCD}.Release|Any CPU.ActiveCfg = Release|Any CPU
		{74C04FB9-6988-4CD6-9CF9-938D0A100DCD}.Release|Any CPU.Build.0 = Release|Any CPU
		{760D5CB5-11FC-40A1-8F70-A89E784B511D}.Debug|Any CPU.ActiveCfg = Debug|Any CPU
		{760D5CB5-11FC-40A1-8F70-A89E784B511D}.Debug|Any CPU.Build.0 = Debug|Any CPU
		{760D5CB5-11FC-40A1-8F70-A89E784B511D}.Release|Any CPU.ActiveCfg = Release|Any CPU
		{760D5CB5-11FC-40A1-8F70-A89E784B511D}.Release|Any CPU.Build.0 = Release|Any CPU
		{B4A4652B-3DFE-43AD-82BA-0F06A8475D61}.Debug|Any CPU.ActiveCfg = Debug|Any CPU
		{B4A4652B-3DFE-43AD-82BA-0F06A8475D61}.Debug|Any CPU.Build.0 = Debug|Any CPU
		{B4A4652B-3DFE-43AD-82BA-0F06A8475D61}.Release|Any CPU.ActiveCfg = Release|Any CPU
		{B4A4652B-3DFE-43AD-82BA-0F06A8475D61}.Release|Any CPU.Build.0 = Release|Any CPU
		{9ED4E544-25E6-4653-A299-0EF026C2BDFF}.Debug|Any CPU.ActiveCfg = Debug|Any CPU
		{9ED4E544-25E6-4653-A299-0EF026C2BDFF}.Debug|Any CPU.Build.0 = Debug|Any CPU
		{9ED4E544-25E6-4653-A299-0EF026C2BDFF}.Release|Any CPU.ActiveCfg = Release|Any CPU
		{9ED4E544-25E6-4653-A299-0EF026C2BDFF}.Release|Any CPU.Build.0 = Release|Any CPU
		{476A399E-673F-4671-AEF4-2BE774B85FD3}.Debug|Any CPU.ActiveCfg = Debug|Any CPU
		{476A399E-673F-4671-AEF4-2BE774B85FD3}.Debug|Any CPU.Build.0 = Debug|Any CPU
		{476A399E-673F-4671-AEF4-2BE774B85FD3}.Release|Any CPU.ActiveCfg = Release|Any CPU
		{476A399E-673F-4671-AEF4-2BE774B85FD3}.Release|Any CPU.Build.0 = Release|Any CPU
		{5E249A4D-0E3A-4DDE-A2E6-E03DAC91F07D}.Debug|Any CPU.ActiveCfg = Debug|Any CPU
		{5E249A4D-0E3A-4DDE-A2E6-E03DAC91F07D}.Debug|Any CPU.Build.0 = Debug|Any CPU
		{5E249A4D-0E3A-4DDE-A2E6-E03DAC91F07D}.Release|Any CPU.ActiveCfg = Release|Any CPU
		{5E249A4D-0E3A-4DDE-A2E6-E03DAC91F07D}.Release|Any CPU.Build.0 = Release|Any CPU
		{AD8BCCE8-F7F4-4ABF-8E00-E1677F366FE5}.Debug|Any CPU.ActiveCfg = Debug|Any CPU
		{AD8BCCE8-F7F4-4ABF-8E00-E1677F366FE5}.Debug|Any CPU.Build.0 = Debug|Any CPU
		{AD8BCCE8-F7F4-4ABF-8E00-E1677F366FE5}.Release|Any CPU.ActiveCfg = Release|Any CPU
		{AD8BCCE8-F7F4-4ABF-8E00-E1677F366FE5}.Release|Any CPU.Build.0 = Release|Any CPU
		{99278F17-8392-48A3-86B0-5C1D37991EDD}.Debug|Any CPU.ActiveCfg = Debug|Any CPU
		{99278F17-8392-48A3-86B0-5C1D37991EDD}.Debug|Any CPU.Build.0 = Debug|Any CPU
		{99278F17-8392-48A3-86B0-5C1D37991EDD}.Release|Any CPU.ActiveCfg = Release|Any CPU
		{99278F17-8392-48A3-86B0-5C1D37991EDD}.Release|Any CPU.Build.0 = Release|Any CPU
	EndGlobalSection
	GlobalSection(SolutionProperties) = preSolution
		HideSolutionNode = FALSE
	EndGlobalSection
	GlobalSection(ExtensibilityGlobals) = postSolution
		SolutionGuid = {088C1DB1-5A0D-4E33-96F2-F6A6353AE975}
	EndGlobalSection
EndGlobal
